
Microsoft Visual Studio Solution File, Format Version 12.00
# Visual Studio Version 17
VisualStudioVersion = 17.0.31903.59
MinimumVisualStudioVersion = 10.0.40219.1
Project("{FAE04EC0-301F-11D3-BF4B-00C04F79EFBC}") = "ReposeTestYeux", "ReposeTestYeux\ReposeTestYeux.csproj", "{14C2E145-681F-4010-95E7-956D656DF445}"
EndProject
Project("{FAE04EC0-301F-11D3-BF4B-00C04F79EFBC}") = "ReposeTestYeux.Tests", "ReposeTestYeux.Tests\ReposeTestYeux.Tests.csproj", "{6A6000FB-9A1B-4C47-A3CB-FDADCC5C7D9F}"
EndProject
Global
	GlobalSection(SolutionConfigurationPlatforms) = preSolution
		Debug|Any CPU = Debug|Any CPU
		Release|Any CPU = Release|Any CPU
	EndGlobalSection
	GlobalSection(SolutionProperties) = preSolution
		HideSolutionNode = FALSE
	EndGlobalSection
	GlobalSection(ProjectConfigurationPlatforms) = postSolution
		{14C2E145-681F-4010-95E7-956D656DF445}.Debug|Any CPU.ActiveCfg = Debug|Any CPU
		{14C2E145-681F-4010-95E7-956D656DF445}.Debug|Any CPU.Build.0 = Debug|Any CPU
		{14C2E145-681F-4010-95E7-956D656DF445}.Release|Any CPU.ActiveCfg = Release|Any CPU
		{14C2E145-681F-4010-95E7-956D656DF445}.Release|Any CPU.Build.0 = Release|Any CPU
		{6A6000FB-9A1B-4C47-A3CB-FDADCC5C7D9F}.Debug|Any CPU.ActiveCfg = Debug|Any CPU
		{6A6000FB-9A1B-4C47-A3CB-FDADCC5C7D9F}.Debug|Any CPU.Build.0 = Debug|Any CPU
		{6A6000FB-9A1B-4C47-A3CB-FDADCC5C7D9F}.Release|Any CPU.ActiveCfg = Release|Any CPU
		{6A6000FB-9A1B-4C47-A3CB-FDADCC5C7D9F}.Release|Any CPU.Build.0 = Release|Any CPU
	EndGlobalSection
EndGlobal
